schema: '2.0'
stages:
  build_team_training_view:
    cmd: uv run python scripts/build_training_view.py
    deps:
    - path: artifacts/data/mindsurf_team_v1/audit.json
      hash: md5
      md5: 74f2721eb6f367e355f53498e9257ac3
      size: 10456
    - path: configs/datasets/mindsurf_team_v1.json
      hash: md5
      md5: 2fe8727445803a3c26fc9be05cbd08f9
      size: 1913
    - path:
        data/raw/mindsurf_team_v1/strict_splits/pretrain_strict_test_2k.jsonl
      hash: md5
      md5: bf0055488abd15e00bd7af9d34e66e56
      size: 5725713
    - path:
        data/raw/mindsurf_team_v1/strict_splits/pretrain_strict_train_shuffled.jsonl
      hash: md5
      md5: d2dc92c949bc3522267d38fedf5213e8
      size: 6306035792
    - path: data/raw/mindsurf_team_v1/strict_splits/pretrain_strict_val_2k.jsonl
      hash: md5
      md5: 0501a7b99b8dc2bca09f84aee622ba32
      size: 5562114
    - path: scripts/build_training_view.py
      hash: md5
      md5: dfdc12eecf986fba3d0d6d18894f7ae8
      size: 5472
    - path: src/python_starter/core/data_contract.py
      hash: md5
      md5: b332eb9ab4e904659d7d0bb34ec6e30f
      size: 13725
    outs:
    - path: artifacts/data/mindsurf_team_v1/training_view.json
      hash: md5
      md5: 8856dfac58cb2cd5161551fd1a3874cb
      size: 810
    - path: data/processed/mindsurf_team_v1/pretrain_train_nfkc_dedup.jsonl
      hash: md5
      md5: a734438683a71ab0a1abed17906cf885
      size: 6305991620
  build_official_training_view:
    cmd: >-
      uv run python scripts/build_training_view.py
      --spec configs/datasets/minimind_official_v1.json
      --root data/raw/minimind_official_v1
      --audit artifacts/data/minimind_official_v1/audit.json
      --output data/processed/minimind_official_v1/pretrain_train_nfkc_dedup.jsonl
      --manifest artifacts/data/minimind_official_v1/training_view.json
    deps:
    - path: artifacts/data/minimind_official_v1/audit.json
      hash: md5
      md5: 24784a3332388c5a7bd2424a93d8e191
      size: 4036
    - path: configs/datasets/minimind_official_v1.json
      hash: md5
      md5: 56bedbafa5e0aee43f53262ed88ad0ea
      size: 1884
    - path: data/raw/minimind_official_v1/strict_splits/pretrain_strict_test_2k.jsonl
      hash: md5
      md5: 5232ae18595c9f0a6b3e9bd394042534
      size: 1931190
    - path: data/raw/minimind_official_v1/strict_splits/pretrain_strict_train.jsonl
      hash: md5
      md5: d3bbfdcdc25ae7f29cf76cfd89689fdf
      size: 1236779677
    - path: data/raw/minimind_official_v1/strict_splits/pretrain_strict_val_2k.jsonl
      hash: md5
      md5: 458b5f85dffb9e134916175b8e51d899
      size: 2022637
    - path: scripts/build_training_view.py
      hash: md5
      md5: dfdc12eecf986fba3d0d6d18894f7ae8
      size: 5472
    - path: src/python_starter/core/data_contract.py
      hash: md5
      md5: b332eb9ab4e904659d7d0bb34ec6e30f
      size: 13725
    outs:
    - path: artifacts/data/minimind_official_v1/training_view.json
      hash: md5
      md5: d3d6db4b7b617d567c1b8ec858976804
      size: 798
    - path: data/processed/minimind_official_v1/pretrain_train_nfkc_dedup.jsonl
      hash: md5
      md5: f28a764daee8926ea5ef88219e256fe8
      size: 1236779441
